{
  "name": "history",
  "version": "1.0.0",
  "lockfileVersion": 1,
  "requires": true,
  "dependencies": {
    "moment": {
      "version": "2.19.4",
      "resolved": "https://registry.npmjs.org/moment/-/moment-2.19.4.tgz",
      "integrity": "sha512-1xFTAknSLfc47DIxHDUbnJWC+UwgWxATmymaxIPQpmMh7LBm7ZbwVEsuushqwL2GYZU0jie4xO+TK44hJPjNSQ=="
    }
  }
}
